
Microsoft Visual Studio Solution File, Format Version 12.00
# Visual Studio Version 17
VisualStudioVersion = 17.7.34202.233
MinimumVisualStudioVersion = 10.0.40219.1
Project("{9A19103F-16F7-4668-BE54-9A1E7A4F7556}") = "FigureArea", "FigureArea\FigureArea.csproj", "{B4B49890-C0B9-4804-8770-A5433D9F0515}"
EndProject
Project("{FAE04EC0-301F-11D3-BF4B-00C04F79EFBC}") = "FigureArea.Tests", "FigureArea.Tests\FigureArea.Tests.csproj", "{3E568854-B224-43E1-AA47-CD01BF8C43BC}"
EndProject
Global
	GlobalSection(SolutionConfigurationPlatforms) = preSolution
		Debug|Any CPU = Debug|Any CPU
		Release|Any CPU = Release|Any CPU
	EndGlobalSection
	GlobalSection(ProjectConfigurationPlatforms) = postSolution
		{B4B49890-C0B9-4804-8770-A5433D9F0515}.Debug|Any CPU.ActiveCfg = Debug|Any CPU
		{B4B49890-C0B9-4804-8770-A5433D9F0515}.Debug|Any CPU.Build.0 = Debug|Any CPU
		{B4B49890-C0B9-4804-8770-A5433D9F0515}.Release|Any CPU.ActiveCfg = Release|Any CPU
		{B4B49890-C0B9-4804-8770-A5433D9F0515}.Release|Any CPU.Build.0 = Release|Any CPU
		{3E568854-B224-43E1-AA47-CD01BF8C43BC}.Debug|Any CPU.ActiveCfg = Debug|Any CPU
		{3E568854-B224-43E1-AA47-CD01BF8C43BC}.Debug|Any CPU.Build.0 = Debug|Any CPU
		{3E568854-B224-43E1-AA47-CD01BF8C43BC}.Release|Any CPU.ActiveCfg = Release|Any CPU
		{3E568854-B224-43E1-AA47-CD01BF8C43BC}.Release|Any CPU.Build.0 = Release|Any CPU
	EndGlobalSection
	GlobalSection(SolutionProperties) = preSolution
		HideSolutionNode = FALSE
	EndGlobalSection
	GlobalSection(ExtensibilityGlobals) = postSolution
		SolutionGuid = {81094C80-193D-4923-9087-3630BDE0BD28}
	EndGlobalSection
EndGlobal
